# This file is autogenerated, do not edit; changes may be undone by the next 'dep ensure'.


[[projects]]
  branch = "master"
  name = "github.com/bakins/test-helpers"
  packages = ["."]
  revision = "af83df64dc3186298a39aed5f26a76d134d5711a"

[[projects]]
  name = "github.com/sirupsen/logrus"
  packages = ["."]
  revision = "d682213848ed68c0a260ca37d6dd5ace8423f5ba"
  version = "v1.0.4"

[[projects]]
  branch = "master"
  name = "golang.org/x/crypto"
  packages = ["ssh/terminal"]
  revision = "0fcca4842a8d74bfddc2c96a073bd2a4d2a7a2e8"

[[projects]]
  branch = "master"
  name = "golang.org/x/sys"
  packages = ["unix","windows"]
  revision = "a3f2cbd54cf5dfe3fbaccf76375fdb12f67654c8"

[solve-meta]
  analyzer-name = "dep"
  analyzer-version = 1
  inputs-digest = "6d18f468c06710ced4b3b8c8f0a112d9847d4208ce2a9742b94f20bcf238787f"
  solver-name = "gps-cdcl"
  solver-version = 1
